
Microsoft Visual Studio Solution File, Format Version 12.00
# Visual Studio Version 17
VisualStudioVersion = 17.5.33530.505
MinimumVisualStudioVersion = 10.0.40219.1
Project("{9A19103F-16F7-4668-BE54-9A1E7A4F7556}") = "vidz.UploadService", "vidz.UploadService\vidz.UploadService.csproj", "{D82E23C4-C3FB-4B30-82A9-169CB62CDC55}"
EndProject
Project("{FAE04EC0-301F-11D3-BF4B-00C04F79EFBC}") = "vidz.EncodingService", "vidz.EncodingService\vidz.EncodingService.csproj", "{3E68F8FC-2075-4934-B709-096FD04540A2}"
EndProject
Project("{FAE04EC0-301F-11D3-BF4B-00C04F79EFBC}") = "vidz.core.common", "vidz.core.common\vidz.core.common.csproj", "{FA83F793-55EA-4EC7-89B5-B4E103BC2C20}"
EndProject
Project("{FAE04EC0-301F-11D3-BF4B-00C04F79EFBC}") = "vidz.core.storage", "vidz.core.storage\vidz.core.storage.csproj", "{A37C39F8-ADC6-4A34-8E2C-54CBFDF1A527}"
EndProject
Project("{FAE04EC0-301F-11D3-BF4B-00C04F79EFBC}") = "vidz.core.security", "vidz.core.security\vidz.core.security.csproj", "{F80ADE04-7653-46C6-A1EB-65411394ED7F}"
EndProject
Project("{FAE04EC0-301F-11D3-BF4B-00C04F79EFBC}") = "vidz.core.data", "vidz.core.data\vidz.core.data.csproj", "{4DDC0F61-61E0-4B06-A2E5-F33148FEB29A}"
EndProject
Project("{FAE04EC0-301F-11D3-BF4B-00C04F79EFBC}") = "vidz.core.logging", "vidz.core.logging\vidz.core.logging.csproj", "{309F5D4E-D899-4472-9470-B1FF337AB57C}"
EndProject
Global
	GlobalSection(SolutionConfigurationPlatforms) = preSolution
		Debug|Any CPU = Debug|Any CPU
		Release|Any CPU = Release|Any CPU
	EndGlobalSection
	GlobalSection(ProjectConfigurationPlatforms) = postSolution
		{D82E23C4-C3FB-4B30-82A9-169CB62CDC55}.Debug|Any CPU.ActiveCfg = Debug|Any CPU
		{D82E23C4-C3FB-4B30-82A9-169CB62CDC55}.Debug|Any CPU.Build.0 = Debug|Any CPU
		{D82E23C4-C3FB-4B30-82A9-169CB62CDC55}.Release|Any CPU.ActiveCfg = Release|Any CPU
		{D82E23C4-C3FB-4B30-82A9-169CB62CDC55}.Release|Any CPU.Build.0 = Release|Any CPU
		{3E68F8FC-2075-4934-B709-096FD04540A2}.Debug|Any CPU.ActiveCfg = Debug|Any CPU
		{3E68F8FC-2075-4934-B709-096FD04540A2}.Debug|Any CPU.Build.0 = Debug|Any CPU
		{3E68F8FC-2075-4934-B709-096FD04540A2}.Release|Any CPU.ActiveCfg = Release|Any CPU
		{3E68F8FC-2075-4934-B709-096FD04540A2}.Release|Any CPU.Build.0 = Release|Any CPU
		{FA83F793-55EA-4EC7-89B5-B4E103BC2C20}.Debug|Any CPU.ActiveCfg = Debug|Any CPU
		{FA83F793-55EA-4EC7-89B5-B4E103BC2C20}.Debug|Any CPU.Build.0 = Debug|Any CPU
		{FA83F793-55EA-4EC7-89B5-B4E103BC2C20}.Release|Any CPU.ActiveCfg = Release|Any CPU
		{FA83F793-55EA-4EC7-89B5-B4E103BC2C20}.Release|Any CPU.Build.0 = Release|Any CPU
		{A37C39F8-ADC6-4A34-8E2C-54CBFDF1A527}.Debug|Any CPU.ActiveCfg = Debug|Any CPU
		{A37C39F8-ADC6-4A34-8E2C-54CBFDF1A527}.Debug|Any CPU.Build.0 = Debug|Any CPU
		{A37C39F8-ADC6-4A34-8E2C-54CBFDF1A527}.Release|Any CPU.ActiveCfg = Release|Any CPU
		{A37C39F8-ADC6-4A34-8E2C-54CBFDF1A527}.Release|Any CPU.Build.0 = Release|Any CPU
		{F80ADE04-7653-46C6-A1EB-65411394ED7F}.Debug|Any CPU.ActiveCfg = Debug|Any CPU
		{F80ADE04-7653-46C6-A1EB-65411394ED7F}.Debug|Any CPU.Build.0 = Debug|Any CPU
		{F80ADE04-7653-46C6-A1EB-65411394ED7F}.Release|Any CPU.ActiveCfg = Release|Any CPU
		{F80ADE04-7653-46C6-A1EB-65411394ED7F}.Release|Any CPU.Build.0 = Release|Any CPU
		{4DDC0F61-61E0-4B06-A2E5-F33148FEB29A}.Debug|Any CPU.ActiveCfg = Debug|Any CPU
		{4DDC0F61-61E0-4B06-A2E5-F33148FEB29A}.Debug|Any CPU.Build.0 = Debug|Any CPU
		{4DDC0F61-61E0-4B06-A2E5-F33148FEB29A}.Release|Any CPU.ActiveCfg = Release|Any CPU
		{4DDC0F61-61E0-4B06-A2E5-F33148FEB29A}.Release|Any CPU.Build.0 = Release|Any CPU
		{309F5D4E-D899-4472-9470-B1FF337AB57C}.Debug|Any CPU.ActiveCfg = Debug|Any CPU
		{309F5D4E-D899-4472-9470-B1FF337AB57C}.Debug|Any CPU.Build.0 = Debug|Any CPU
		{309F5D4E-D899-4472-9470-B1FF337AB57C}.Release|Any CPU.ActiveCfg = Release|Any CPU
		{309F5D4E-D899-4472-9470-B1FF337AB57C}.Release|Any CPU.Build.0 = Release|Any CPU
	EndGlobalSection
	GlobalSection(SolutionProperties) = preSolution
		HideSolutionNode = FALSE
	EndGlobalSection
	GlobalSection(ExtensibilityGlobals) = postSolution
		SolutionGuid = {76C55B44-922B-492A-B2C7-007D62545800}
	EndGlobalSection
EndGlobal
